
Microsoft Visual Studio Solution File, Format Version 12.00
# Visual Studio Version 17
VisualStudioVersion = 17.7.34031.279
MinimumVisualStudioVersion = 10.0.40219.1
Project("{E24C65DC-7377-472B-9ABA-BC803B73C61A}") = "airbnbClientDB", "airbnbClientDB\", "{554C724F-8C25-4580-BFEA-6D842FBAF1C8}"
	ProjectSection(WebsiteProperties) = preProject
		TargetFrameworkMoniker = ".NETFramework,Version%3Dv4.0"
		Debug.AspNetCompiler.VirtualPath = "/localhost_55808"
		Debug.AspNetCompiler.PhysicalPath = "..\..\..\OneDrive - Ruppin Students and Teachers\שולחן העבודה\tar4\airbnbClientDB\"
		Debug.AspNetCompiler.TargetPath = "PrecompiledWeb\localhost_55808\"
		Debug.AspNetCompiler.Updateable = "true"
		Debug.AspNetCompiler.ForceOverwrite = "true"
		Debug.AspNetCompiler.FixedNames = "false"
		Debug.AspNetCompiler.Debug = "True"
		Release.AspNetCompiler.VirtualPath = "/localhost_55808"
		Release.AspNetCompiler.PhysicalPath = "..\..\..\OneDrive - Ruppin Students and Teachers\שולחן העבודה\tar4\airbnbClientDB\"
		Release.AspNetCompiler.TargetPath = "PrecompiledWeb\localhost_55808\"
		Release.AspNetCompiler.Updateable = "true"
		Release.AspNetCompiler.ForceOverwrite = "true"
		Release.AspNetCompiler.FixedNames = "false"
		Release.AspNetCompiler.Debug = "False"
		VWDPort = "55808"
	EndProjectSection
EndProject
Global
	GlobalSection(SolutionConfigurationPlatforms) = preSolution
		Debug|Any CPU = Debug|Any CPU
	EndGlobalSection
	GlobalSection(ProjectConfigurationPlatforms) = postSolution
		{554C724F-8C25-4580-BFEA-6D842FBAF1C8}.Debug|Any CPU.ActiveCfg = Debug|Any CPU
		{554C724F-8C25-4580-BFEA-6D842FBAF1C8}.Debug|Any CPU.Build.0 = Debug|Any CPU
	EndGlobalSection
	GlobalSection(SolutionProperties) = preSolution
		HideSolutionNode = FALSE
	EndGlobalSection
	GlobalSection(ExtensibilityGlobals) = postSolution
		SolutionGuid = {E288654F-F488-4923-B2FB-7AA5B43FBEC9}
	EndGlobalSection
EndGlobal
